
Microsoft Visual Studio Solution File, Format Version 12.00
# Visual Studio Version 16
VisualStudioVersion = 16.0.32802.440
MinimumVisualStudioVersion = 10.0.40219.1
Project("{FAE04EC0-301F-11D3-BF4B-00C04F79EFBC}") = "220920 kachna", "220920 kachna\220920 kachna.csproj", "{024CCEEF-CCE4-4DB6-B697-602AFC044EB3}"
EndProject
Global
	GlobalSection(SolutionConfigurationPlatforms) = preSolution
		Debug|Any CPU = Debug|Any CPU
		Release|Any CPU = Release|Any CPU
	EndGlobalSection
	GlobalSection(ProjectConfigurationPlatforms) = postSolution
		{024CCEEF-CCE4-4DB6-B697-602AFC044EB3}.Debug|Any CPU.ActiveCfg = Debug|Any CPU
		{024CCEEF-CCE4-4DB6-B697-602AFC044EB3}.Debug|Any CPU.Build.0 = Debug|Any CPU
		{024CCEEF-CCE4-4DB6-B697-602AFC044EB3}.Release|Any CPU.ActiveCfg = Release|Any CPU
		{024CCEEF-CCE4-4DB6-B697-602AFC044EB3}.Release|Any CPU.Build.0 = Release|Any CPU
	EndGlobalSection
	GlobalSection(SolutionProperties) = preSolution
		HideSolutionNode = FALSE
	EndGlobalSection
	GlobalSection(ExtensibilityGlobals) = postSolution
		SolutionGuid = {FE90B7D7-B529-413B-B6C5-D08EAA3F5C6D}
	EndGlobalSection
EndGlobal
